
Microsoft Visual Studio Solution File, Format Version 12.00
# Visual Studio Version 17
VisualStudioVersion = 17.12.35707.178 d17.12
MinimumVisualStudioVersion = 10.0.40219.1
Project("{FAE04EC0-301F-11D3-BF4B-00C04F79EFBC}") = "homework2", "homework2\homework2.csproj", "{33D15E93-6907-4D6E-A07B-F0F69A4622ED}"
EndProject
Global
	GlobalSection(SolutionConfigurationPlatforms) = preSolution
		Debug|Any CPU = Debug|Any CPU
		Release|Any CPU = Release|Any CPU
	EndGlobalSection
	GlobalSection(ProjectConfigurationPlatforms) = postSolution
		{33D15E93-6907-4D6E-A07B-F0F69A4622ED}.Debug|Any CPU.ActiveCfg = Debug|Any CPU
		{33D15E93-6907-4D6E-A07B-F0F69A4622ED}.Debug|Any CPU.Build.0 = Debug|Any CPU
		{33D15E93-6907-4D6E-A07B-F0F69A4622ED}.Release|Any CPU.ActiveCfg = Release|Any CPU
		{33D15E93-6907-4D6E-A07B-F0F69A4622ED}.Release|Any CPU.Build.0 = Release|Any CPU
	EndGlobalSection
	GlobalSection(SolutionProperties) = preSolution
		HideSolutionNode = FALSE
	EndGlobalSection
EndGlobal
