
Microsoft Visual Studio Solution File, Format Version 12.00
# Visual Studio Version 17
VisualStudioVersion = 17.9.34701.34
MinimumVisualStudioVersion = 10.0.40219.1
Project("{FAE04EC0-301F-11D3-BF4B-00C04F79EFBC}") = "Salary", "Salary\Salary.csproj", "{CEA8030E-1641-48C3-9D4B-DC45EE81B6AB}"
EndProject
Global
	GlobalSection(SolutionConfigurationPlatforms) = preSolution
		Debug|Any CPU = Debug|Any CPU
		Release|Any CPU = Release|Any CPU
	EndGlobalSection
	GlobalSection(ProjectConfigurationPlatforms) = postSolution
		{CEA8030E-1641-48C3-9D4B-DC45EE81B6AB}.Debug|Any CPU.ActiveCfg = Debug|Any CPU
		{CEA8030E-1641-48C3-9D4B-DC45EE81B6AB}.Debug|Any CPU.Build.0 = Debug|Any CPU
		{CEA8030E-1641-48C3-9D4B-DC45EE81B6AB}.Release|Any CPU.ActiveCfg = Release|Any CPU
		{CEA8030E-1641-48C3-9D4B-DC45EE81B6AB}.Release|Any CPU.Build.0 = Release|Any CPU
	EndGlobalSection
	GlobalSection(SolutionProperties) = preSolution
		HideSolutionNode = FALSE
	EndGlobalSection
	GlobalSection(ExtensibilityGlobals) = postSolution
		SolutionGuid = {DACBF1D1-2718-4C22-A0FA-338D36A489E1}
	EndGlobalSection
EndGlobal
